{
  "originHash" : "a3be624f4426ab85fc31eb4af4c86c70ad0bea74fabbf337db2e9e44f6700f8b",
  "pins" : [
    {
      "identity" : "alamofire",
      "kind" : "remoteSourceControl",
      "location" : "https://github.com/Alamofire/Alamofire",
      "state" : {
        "branch" : "master",
        "revision" : "79f14f8033f5335067f808851526f5a660c0bb9d"
      }
    },
    {
      "identity" : "kingfisher",
      "kind" : "remoteSourceControl",
      "location" : "https://github.com/onevcat/Kingfisher",
      "state" : {
        "branch" : "master",
        "revision" : "43cc4a1ad0b85b0c79d5ab3987c66c4f7a395aa4"
      }
    }
  ],
  "version" : 3
}
